
Microsoft Visual Studio Solution File, Format Version 12.00
# Visual Studio 15
VisualStudioVersion = 15.0.28307.572
MinimumVisualStudioVersion = 10.0.40219.1
Project("{9A19103F-16F7-4668-BE54-9A1E7A4F7556}") = "English", "English\English.csproj", "{AD93AFF6-DF3B-4576-9F5B-B1A4480D3634}"
EndProject
Project("{9A19103F-16F7-4668-BE54-9A1E7A4F7556}") = "SignalRSimpleChat", "..\SignalRSimpleChat-master\SignalRSimpleChat.csproj", "{83FEF496-145B-44B6-BDFA-0C96C303D654}"
EndProject
Global
	GlobalSection(SolutionConfigurationPlatforms) = preSolution
		Debug|Any CPU = Debug|Any CPU
		Release|Any CPU = Release|Any CPU
	EndGlobalSection
	GlobalSection(ProjectConfigurationPlatforms) = postSolution
		{AD93AFF6-DF3B-4576-9F5B-B1A4480D3634}.Debug|Any CPU.ActiveCfg = Debug|Any CPU
		{AD93AFF6-DF3B-4576-9F5B-B1A4480D3634}.Debug|Any CPU.Build.0 = Debug|Any CPU
		{AD93AFF6-DF3B-4576-9F5B-B1A4480D3634}.Release|Any CPU.ActiveCfg = Release|Any CPU
		{AD93AFF6-DF3B-4576-9F5B-B1A4480D3634}.Release|Any CPU.Build.0 = Release|Any CPU
		{83FEF496-145B-44B6-BDFA-0C96C303D654}.Debug|Any CPU.ActiveCfg = Debug|Any CPU
		{83FEF496-145B-44B6-BDFA-0C96C303D654}.Debug|Any CPU.Build.0 = Debug|Any CPU
		{83FEF496-145B-44B6-BDFA-0C96C303D654}.Release|Any CPU.ActiveCfg = Release|Any CPU
		{83FEF496-145B-44B6-BDFA-0C96C303D654}.Release|Any CPU.Build.0 = Release|Any CPU
	EndGlobalSection
	GlobalSection(SolutionProperties) = preSolution
		HideSolutionNode = FALSE
	EndGlobalSection
	GlobalSection(ExtensibilityGlobals) = postSolution
		SolutionGuid = {FB3DD3B8-6F16-42D1-8378-E132D5FD3050}
	EndGlobalSection
EndGlobal
